# THIS IS AN AUTOGENERATED FILE. DO NOT EDIT THIS FILE DIRECTLY.
# yarn lockfile v1


colors@^1.1.2:
  version "1.1.2"
  resolved "http://registry.npm.taobao.org/colors/download/colors-1.1.2.tgz#168a4701756b6a7f51a12ce0c97bfa28c084ed63"

commander@^2.11.0, commander@~2.11.0:
  version "2.11.0"
  resolved "http://registry.npm.taobao.org/commander/download/commander-2.11.0.tgz#157152fd1e7a6c8d98a5b715cf376df928004563"

fs-extra@^4.0.1:
  version "4.0.1"
  resolved "http://registry.npm.taobao.org/fs-extra/download/fs-extra-4.0.1.tgz#7fc0c6c8957f983f57f306a24e5b9ddd8d0dd880"
  dependencies:
    graceful-fs "^4.1.2"
    jsonfile "^3.0.0"
    universalify "^0.1.0"

graceful-fs@^4.1.2, graceful-fs@^4.1.6:
  version "4.1.11"
  resolved "http://registry.npm.taobao.org/graceful-fs/download/graceful-fs-4.1.11.tgz#0e8bdfe4d1ddb8854d64e04ea7c00e2a026e5658"

iconv-lite@^0.4.18:
  version "0.4.18"
  resolved "http://registry.npm.taobao.org/iconv-lite/download/iconv-lite-0.4.18.tgz#23d8656b16aae6742ac29732ea8f0336a4789cf2"

jsonc-parser@^1.0.0:
  version "1.0.0"
  resolved "http://registry.npm.taobao.org/jsonc-parser/download/jsonc-parser-1.0.0.tgz#ddcc864ae708e60a7a6dd36daea00172fa8d9272"

jsonfile@^3.0.0:
  version "3.0.1"
  resolved "http://registry.npm.taobao.org/jsonfile/download/jsonfile-3.0.1.tgz#a5ecc6f65f53f662c4415c7675a0331d0992ec66"
  optionalDependencies:
    graceful-fs "^4.1.6"

source-map@~0.5.1:
  version "0.5.6"
  resolved "http://registry.npm.taobao.org/source-map/download/source-map-0.5.6.tgz#75ce38f52bf0733c5a7f0c118d81334a2bb5f412"

uglify-js@^3.0.27:
  version "3.0.27"
  resolved "http://registry.npm.taobao.org/uglify-js/download/uglify-js-3.0.27.tgz#a97db8c8ba6b9dba4e2f88d86aa9548fa6320034"
  dependencies:
    commander "~2.11.0"
    source-map "~0.5.1"

universalify@^0.1.0:
  version "0.1.1"
  resolved "http://registry.npm.taobao.org/universalify/download/universalify-0.1.1.tgz#fa71badd4437af4c148841e3b3b165f9e9e590b7"

xmldom@^0.1.27:
  version "0.1.27"
  resolved "http://registry.npm.taobao.org/xmldom/download/xmldom-0.1.27.tgz#d501f97b3bdb403af8ef9ecc20573187aadac0e9"
